
Microsoft Visual Studio Solution File, Format Version 12.00
# Visual Studio Version 16
VisualStudioVersion = 16.0.31025.194
MinimumVisualStudioVersion = 10.0.40219.1
Project("{FAE04EC0-301F-11D3-BF4B-00C04F79EFBC}") = "storeAPI", "storeAPI\storeAPI.csproj", "{402ECA94-5799-4027-A07D-F9AA38280B20}"
EndProject
Global
	GlobalSection(SolutionConfigurationPlatforms) = preSolution
		Debug|Any CPU = Debug|Any CPU
		Release|Any CPU = Release|Any CPU
	EndGlobalSection
	GlobalSection(ProjectConfigurationPlatforms) = postSolution
		{402ECA94-5799-4027-A07D-F9AA38280B20}.Debug|Any CPU.ActiveCfg = Debug|Any CPU
		{402ECA94-5799-4027-A07D-F9AA38280B20}.Debug|Any CPU.Build.0 = Debug|Any CPU
		{402ECA94-5799-4027-A07D-F9AA38280B20}.Release|Any CPU.ActiveCfg = Release|Any CPU
		{402ECA94-5799-4027-A07D-F9AA38280B20}.Release|Any CPU.Build.0 = Release|Any CPU
	EndGlobalSection
	GlobalSection(SolutionProperties) = preSolution
		HideSolutionNode = FALSE
	EndGlobalSection
	GlobalSection(ExtensibilityGlobals) = postSolution
		SolutionGuid = {93CE1B73-C9E9-4E58-BA64-276B9A469574}
	EndGlobalSection
EndGlobal
